{
  "name": "pi-journal",
  "version": "1.0.0",
  "lockfileVersion": 3,
  "requires": true,
  "packages": {
    "": {
      "name": "pi-journal",
      "version": "1.0.0",
      "peerDependencies": {
        "@earendil-works/pi-coding-agent": ">=1.0.0",
        "@earendil-works/pi-tui": ">=1.0.0"
      },
      "peerDependenciesMeta": {
        "@earendil-works/pi-coding-agent": {
          "optional": true
        },
        "@earendil-works/pi-tui": {
          "optional": true
        }
      }
    }
  }
}
